
Microsoft Visual Studio Solution File, Format Version 12.00
# Visual Studio 14
VisualStudioVersion = 14.0.25420.1
MinimumVisualStudioVersion = 10.0.40219.1
Project("{FAE04EC0-301F-11D3-BF4B-00C04F79EFBC}") = "AdministratorPanel2018v3", "AdministratorPanel2018v3\AdministratorPanel2018v3.csproj", "{B00B5D5F-AAF7-4F28-AA56-0212A5724A8B}"
EndProject
Global
	GlobalSection(SolutionConfigurationPlatforms) = preSolution
		Debug|Any CPU = Debug|Any CPU
		Release|Any CPU = Release|Any CPU
	EndGlobalSection
	GlobalSection(ProjectConfigurationPlatforms) = postSolution
		{B00B5D5F-AAF7-4F28-AA56-0212A5724A8B}.Debug|Any CPU.ActiveCfg = Debug|Any CPU
		{B00B5D5F-AAF7-4F28-AA56-0212A5724A8B}.Debug|Any CPU.Build.0 = Debug|Any CPU
		{B00B5D5F-AAF7-4F28-AA56-0212A5724A8B}.Release|Any CPU.ActiveCfg = Release|Any CPU
		{B00B5D5F-AAF7-4F28-AA56-0212A5724A8B}.Release|Any CPU.Build.0 = Release|Any CPU
	EndGlobalSection
	GlobalSection(SolutionProperties) = preSolution
		HideSolutionNode = FALSE
	EndGlobalSection
EndGlobal
